# This file is autogenerated, do not edit; changes may be undone by the next 'dep ensure'.


[[projects]]
  name = "github.com/pelletier/go-buffruneio"
  packages = ["."]
  revision = "df1e16fde7fc330a0ca68167c23bf7ed6ac31d6d"
  version = "v0.1.0"

[[projects]]
  name = "github.com/pelletier/go-toml"
  packages = ["."]
  revision = "a1f048ba24490f9b0674a67e1ce995d685cddf4a"

[[projects]]
  name = "github.com/pkg/errors"
  packages = ["."]
  revision = "839d9e913e063e28dfd0e6c7b7512793e0a48be9"

[solve-meta]
  analyzer-name = "dep"
  analyzer-version = 1
  inputs-digest = "fd84ed9925266576bf6746c9b236cd38ef676b92058596e1bd0097abdc0e52e9"
  solver-name = "gps-cdcl"
  solver-version = 1
